// !$*UTF8*$!
{
	archiveVersion = 1;
	classes = {
	};
	objectVersion = 50;
	objects = {

/* Begin PBXBuildFile section */
		702A0E9F20F2CD5C00357E68 /* AppDelegate.m in Sources */ = {isa = PBXBuildFile; fileRef = 702A0E9E20F2CD5C00357E68 /* AppDelegate.m */; };
		702A0EA220F2CD5C00357E68 /* ViewController.m in Sources */ = {isa = PBXBuildFile; fileRef = 702A0EA120F2CD5C00357E68 /* ViewController.m */; };
		702A0EA520F2CD5C00357E68 /* Main.storyboard in Resources */ = {isa = PBXBuildFile; fileRef = 702A0EA320F2CD5C00357E68 /* Main.storyboard */; };
		702A0EA820F2CD5C00357E68 /* server.xcdatamodeld in Sources */ = {isa = PBXBuildFile; fileRef = 702A0EA620F2CD5C00357E68 /* server.xcdatamodeld */; };
		702A0EAA20F2CD5E00357E68 /* Assets.xcassets in Resources */ = {isa = PBXBuildFile; fileRef = 702A0EA920F2CD5E00357E68 /* Assets.xcassets */; };
		702A0EAD20F2CD5E00357E68 /* LaunchScreen.storyboard in Resources */ = {isa = PBXBuildFile; fileRef = 702A0EAB20F2CD5E00357E68 /* LaunchScreen.storyboard */; };
		702A0EB020F2CD5E00357E68 /* main.m in Sources */ = {isa = PBXBuildFile; fileRef = 702A0EAF20F2CD5E00357E68 /* main.m */; };
		702A0EBA20F2CD5E00357E68 /* serverTests.m in Sources */ = {isa = PBXBuildFile; fileRef = 702A0EB920F2CD5E00357E68 /* serverTests.m */; };
		702A0EC520F2CD5E00357E68 /* serverUITests.m in Sources */ = {isa = PBXBuildFile; fileRef = 702A0EC420F2CD5E00357E68 /* serverUITests.m */; };
/* End PBXBuildFile section */

/* Begin PBXContainerItemProxy section */
		702A0EB620F2CD5E00357E68 /* PBXContainerItemProxy */ = {
			isa = PBXContainerItemProxy;
			containerPortal = 702A0E9220F2CD5C00357E68 /* Project object */;
			proxyType = 1;
			remoteGlobalIDString = 702A0E9920F2CD5C00357E68;
			remoteInfo = server;
		};
		702A0EC120F2CD5E00357E68 /* PBXContainerItemProxy */ = {
			isa = PBXContainerItemProxy;
			containerPortal = 702A0E9220F2CD5C00357E68 /* Project object */;
			proxyType = 1;
			remoteGlobalIDString = 702A0E9920F2CD5C00357E68;
			remoteInfo = server;
		};
/* End PBXContainerItemProxy section */

/* Begin PBXFileReference section */
		702A0E9A20F2CD5C00357E68 /* server.app */ = {isa = PBXFileReference; explicitFileType = wrapper.application; includeInIndex = 0; path = server.app; sourceTree = BUILT_PRODUCTS_DIR; };
		702A0E9D20F2CD5C00357E68 /* AppDelegate.h */ = {isa = PBXFileReference; lastKnownFileType = sourcecode.c.h; path = AppDelegate.h; sourceTree = "<group>"; };
		702A0E9E20F2CD5C00357E68 /* AppDelegate.m */ = {isa = PBXFileReference; lastKnownFileType = sourcecode.c.objc; path = AppDelegate.m; sourceTree = "<group>"; };
		702A0EA020F2CD5C00357E68 /* ViewController.h */ = {isa = PBXFileReference; lastKnownFileType = sourcecode.c.h; path = ViewController.h; sourceTree = "<group>"; };
		702A0EA120F2CD5C00357E68 /* ViewController.m */ = {isa = PBXFileReference; lastKnownFileType = sourcecode.c.objc; path = ViewController.m; sourceTree = "<group>"; };
		702A0EA420F2CD5C00357E68 /* Base */ = {isa = PBXFileReference; lastKnownFileType = file.storyboard; name = Base; path = Base.lproj/Main.storyboard; sourceTree = "<group>"; };
		702A0EA720F2CD5C00357E68 /* server.xcdatamodel */ = {isa = PBXFileReference; lastKnownFileType = wrapper.xcdatamodel; path = server.xcdatamodel; sourceTree = "<group>"; };
		702A0EA920F2CD5E00357E68 /* Assets.xcassets */ = {isa = PBXFileReference; lastKnownFileType = folder.assetcatalog; path = Assets.xcassets; sourceTree = "<group>"; };
		702A0EAC20F2CD5E00357E68 /* Base */ = {isa = PBXFileReference; lastKnownFileType = file.storyboard; name = Base; path = Base.lproj/LaunchScreen.storyboard; sourceTree = "<group>"; };
		702A0EAE20F2CD5E00357E68 /* Info.plist */ = {isa = PBXFileReference; lastKnownFileType = text.plist.xml; path = Info.plist; sourceTree = "<group>"; };
		702A0EAF20F2CD5E00357E68 /* main.m */ = {isa = PBXFileReference; lastKnownFileType = sourcecode.c.objc; path = main.m; sourceTree = "<group>"; };
		702A0EB520F2CD5E00357E68 /* serverTests.xctest */ = {isa = PBXFileReference; explicitFileType = wrapper.cfbundle; includeInIndex = 0; path = serverTests.xctest; sourceTree = BUILT_PRODUCTS_DIR; };
		702A0EB920F2CD5E00357E68 /* serverTests.m */ = {isa = PBXFileReference; lastKnownFileType = sourcecode.c.objc; path = serverTests.m; sourceTree = "<group>"; };
		702A0EBB20F2CD5E00357E68 /* Info.plist */ = {isa = PBXFileReference; lastKnownFileType = text.plist.xml; path = Info.plist; sourceTree = "<group>"; };
		702A0EC020F2CD5E00357E68 /* serverUITests.xctest */ = {isa = PBXFileReference; explicitFileType = wrapper.cfbundle; includeInIndex = 0; path = serverUITests.xctest; sourceTree = BUILT_PRODUCTS_DIR; };
		702A0EC420F2CD5E00357E68 /* serverUITests.m */ = {isa = PBXFileReference; lastKnownFileType = sourcecode.c.objc; path = serverUITests.m; sourceTree = "<group>"; };
		702A0EC620F2CD5E00357E68 /* Info.plist */ = {isa = PBXFileReference; lastKnownFileType = text.plist.xml; path = Info.plist; sourceTree = "<group>"; };
/* End PBXFileReference section */

/* Begin PBXFrameworksBuildPhase section */
		702A0E9720F2CD5C00357E68 /* Frameworks */ = {
			isa = PBXFrameworksBuildPhase;
			buildActionMask = 2147483647;
			files = (
			);
			runOnlyForDeploymentPostprocessing = 0;
		};
		702A0EB220F2CD5E00357E68 /* Frameworks */ = {
			isa = PBXFrameworksBuildPhase;
			buildActionMask = 2147483647;
			files = (
			);
			runOnlyForDeploymentPostprocessing = 0;
		};
		702A0EBD20F2CD5E00357E68 /* Frameworks */ = {
			isa = PBXFrameworksBuildPhase;
			buildActionMask = 2147483647;
			files = (
			);
			runOnlyForDeploymentPostprocessing = 0;
		};
/* End PBXFrameworksBuildPhase section */

/* Begin PBXGroup section */
		702A0E9120F2CD5C00357E68 = {
			isa = PBXGroup;
			children = (
				702A0E9C20F2CD5C00357E68 /* server */,
				702A0EB820F2CD5E00357E68 /* serverTests */,
				702A0EC320F2CD5E00357E68 /* serverUITests */,
				702A0E9B20F2CD5C00357E68 /* Products */,
			);
			sourceTree = "<group>";
		};
		702A0E9B20F2CD5C00357E68 /* Products */ = {
			isa = PBXGroup;
			children = (
				702A0E9A20F2CD5C00357E68 /* server.app */,
				702A0EB520F2CD5E00357E68 /* serverTests.xctest */,
				702A0EC020F2CD5E00357E68 /* serverUITests.xctest */,
			);
			name = Products;
			sourceTree = "<group>";
		};
		702A0E9C20F2CD5C00357E68 /* server */ = {
			isa = PBXGroup;
			children = (
				702A0E9D20F2CD5C00357E68 /* AppDelegate.h */,
				702A0E9E20F2CD5C00357E68 /* AppDelegate.m */,
				702A0EA020F2CD5C00357E68 /* ViewController.h */,
				702A0EA120F2CD5C00357E68 /* ViewController.m */,
				702A0EA320F2CD5C00357E68 /* Main.storyboard */,
				702A0EA920F2CD5E00357E68 /* Assets.xcassets */,
				702A0EAB20F2CD5E00357E68 /* LaunchScreen.storyboard */,
				702A0EAE20F2CD5E00357E68 /* Info.plist */,
				702A0EAF20F2CD5E00357E68 /* main.m */,
				702A0EA620F2CD5C00357E68 /* server.xcdatamodeld */,
			);
			path = server;
			sourceTree = "<group>";
		};
		702A0EB820F2CD5E00357E68 /* serverTests */ = {
			isa = PBXGroup;
			children = (
				702A0EB920F2CD5E00357E68 /* serverTests.m */,
				702A0EBB20F2CD5E00357E68 /* Info.plist */,
			);
			path = serverTests;
			sourceTree = "<group>";
		};
		702A0EC320F2CD5E00357E68 /* serverUITests */ = {
			isa = PBXGroup;
			children = (
				702A0EC420F2CD5E00357E68 /* serverUITests.m */,
				702A0EC620F2CD5E00357E68 /* Info.plist */,
			);
			path = serverUITests;
			sourceTree = "<group>";
		};
/* End PBXGroup section */

/* Begin PBXNativeTarget section */
		702A0E9920F2CD5C00357E68 /* server */ = {
			isa = PBXNativeTarget;
			buildConfigurationList = 702A0EC920F2CD5E00357E68 /* Build configuration list for PBXNativeTarget "server" */;
			buildPhases = (
				702A0E9620F2CD5C00357E68 /* Sources */,
				702A0E9720F2CD5C00357E68 /* Frameworks */,
				702A0E9820F2CD5C00357E68 /* Resources */,
			);
			buildRules = (
			);
			dependencies = (
			);
			name = server;
			productName = server;
			productReference = 702A0E9A20F2CD5C00357E68 /* server.app */;
			productType = "com.apple.product-type.application";
		};
		702A0EB420F2CD5E00357E68 /* serverTests */ = {
			isa = PBXNativeTarget;
			buildConfigurationList = 702A0ECC20F2CD5E00357E68 /* Build configuration list for PBXNativeTarget "serverTests" */;
			buildPhases = (
				702A0EB120F2CD5E00357E68 /* Sources */,
				702A0EB220F2CD5E00357E68 /* Frameworks */,
				702A0EB320F2CD5E00357E68 /* Resources */,
			);
			buildRules = (
			);
			dependencies = (
				702A0EB720F2CD5E00357E68 /* PBXTargetDependency */,
			);
			name = serverTests;
			productName = serverTests;
			productReference = 702A0EB520F2CD5E00357E68 /* serverTests.xctest */;
			productType = "com.apple.product-type.bundle.unit-test";
		};
		702A0EBF20F2CD5E00357E68 /* serverUITests */ = {
			isa = PBXNativeTarget;
			buildConfigurationList = 702A0ECF20F2CD5E00357E68 /* Build configuration list for PBXNativeTarget "serverUITests" */;
			buildPhases = (
				702A0EBC20F2CD5E00357E68 /* Sources */,
				702A0EBD20F2CD5E00357E68 /* Frameworks */,
				702A0EBE20F2CD5E00357E68 /* Resources */,
			);
			buildRules = (
			);
			dependencies = (
				702A0EC220F2CD5E00357E68 /* PBXTargetDependency */,
			);
			name = serverUITests;
			productName = serverUITests;
			productReference = 702A0EC020F2CD5E00357E68 /* serverUITests.xctest */;
			productType = "com.apple.product-type.bundle.ui-testing";
		};
/* End PBXNativeTarget section */

/* Begin PBXProject section */
		702A0E9220F2CD5C00357E68 /* Project object */ = {
			isa = PBXProject;
			attributes = {
				LastUpgradeCheck = 0940;
				ORGANIZATIONNAME = XMARC;
				TargetAttributes = {
					702A0E9920F2CD5C00357E68 = {
						CreatedOnToolsVersion = 9.4;
					};
					702A0EB420F2CD5E00357E68 = {
						CreatedOnToolsVersion = 9.4;
						TestTargetID = 702A0E9920F2CD5C00357E68;
					};
					702A0EBF20F2CD5E00357E68 = {
						CreatedOnToolsVersion = 9.4;
						TestTargetID = 702A0E9920F2CD5C00357E68;
					};
				};
			};
			buildConfigurationList = 702A0E9520F2CD5C00357E68 /* Build configuration list for PBXProject "server" */;
			compatibilityVersion = "Xcode 9.3";
			developmentRegion = en;
			hasScannedForEncodings = 0;
			knownRegions = (
				en,
				Base,
			);
			mainGroup = 702A0E9120F2CD5C00357E68;
			productRefGroup = 702A0E9B20F2CD5C00357E68 /* Products */;
			projectDirPath = "";
			projectRoot = "";
			targets = (
				702A0E9920F2CD5C00357E68 /* server */,
				702A0EB420F2CD5E00357E68 /* serverTests */,
				702A0EBF20F2CD5E00357E68 /* serverUITests */,
			);
		};
/* End PBXProject section */

/* Begin PBXResourcesBuildPhase section */
		702A0E9820F2CD5C00357E68 /* Resources */ = {
			isa = PBXResourcesBuildPhase;
			buildActionMask = 2147483647;
			files = (
				702A0EAD20F2CD5E00357E68 /* LaunchScreen.storyboard in Resources */,
				702A0EAA20F2CD5E00357E68 /* Assets.xcassets in Resources */,
				702A0EA520F2CD5C00357E68 /* Main.storyboard in Resources */,
			);
			runOnlyForDeploymentPostprocessing = 0;
		};
		702A0EB320F2CD5E00357E68 /* Resources */ = {
			isa = PBXResourcesBuildPhase;
			buildActionMask = 2147483647;
			files = (
			);
			runOnlyForDeploymentPostprocessing = 0;
		};
		702A0EBE20F2CD5E00357E68 /* Resources */ = {
			isa = PBXResourcesBuildPhase;
			buildActionMask = 2147483647;
			files = (
			);
			runOnlyForDeploymentPostprocessing = 0;
		};
/* End PBXResourcesBuildPhase section */

/* Begin PBXSourcesBuildPhase section */
		702A0E9620F2CD5C00357E68 /* Sources */ = {
			isa = PBXSourcesBuildPhase;
			buildActionMask = 2147483647;
			files = (
				702A0EA820F2CD5C00357E68 /* server.xcdatamodeld in Sources */,
				702A0EA220F2CD5C00357E68 /* ViewController.m in Sources */,
				702A0EB020F2CD5E00357E68 /* main.m in Sources */,
				702A0E9F20F2CD5C00357E68 /* AppDelegate.m in Sources */,
			);
			runOnlyForDeploymentPostprocessing = 0;
		};
		702A0EB120F2CD5E00357E68 /* Sources */ = {
			isa = PBXSourcesBuildPhase;
			buildActionMask = 2147483647;
			files = (
				702A0EBA20F2CD5E00357E68 /* serverTests.m in Sources */,
			);
			runOnlyForDeploymentPostprocessing = 0;
		};
		702A0EBC20F2CD5E00357E68 /* Sources */ = {
			isa = PBXSourcesBuildPhase;
			buildActionMask = 2147483647;
			files = (
				702A0EC520F2CD5E00357E68 /* serverUITests.m in Sources */,
			);
			runOnlyForDeploymentPostprocessing = 0;
		};
/* End PBXSourcesBuildPhase section */

/* Begin PBXTargetDependency section */
		702A0EB720F2CD5E00357E68 /* PBXTargetDependency */ = {
			isa = PBXTargetDependency;
			target = 702A0E9920F2CD5C00357E68 /* server */;
			targetProxy = 702A0EB620F2CD5E00357E68 /* PBXContainerItemProxy */;
		};
		702A0EC220F2CD5E00357E68 /* PBXTargetDependency */ = {
			isa = PBXTargetDependency;
			target = 702A0E9920F2CD5C00357E68 /* server */;
			targetProxy = 702A0EC120F2CD5E00357E68 /* PBXContainerItemProxy */;
		};
/* End PBXTargetDependency section */

/* Begin PBXVariantGroup section */
		702A0EA320F2CD5C00357E68 /* Main.storyboard */ = {
			isa = PBXVariantGroup;
			children = (
				702A0EA420F2CD5C00357E68 /* Base */,
			);
			name = Main.storyboard;
			sourceTree = "<group>";
		};
		702A0EAB20F2CD5E00357E68 /* LaunchScreen.storyboard */ = {
			isa = PBXVariantGroup;
			children = (
				702A0EAC20F2CD5E00357E68 /* Base */,
			);
			name = LaunchScreen.storyboard;
			sourceTree = "<group>";
		};
/* End PBXVariantGroup section */

/* Begin XCBuildConfiguration section */
		702A0EC720F2CD5E00357E68 /* Debug */ = {
			isa = XCBuildConfiguration;
			buildSettings = {
				ALWAYS_SEARCH_USER_PATHS = NO;
				CLANG_ANALYZER_NONNULL = YES;
				CLANG_ANALYZER_NUMBER_OBJECT_CONVERSION = YES_AGGRESSIVE;
				CLANG_CXX_LANGUAGE_STANDARD = "gnu++14";
				CLANG_CXX_LIBRARY = "libc++";
				CLANG_ENABLE_MODULES = YES;
				CLANG_ENABLE_OBJC_ARC = YES;
				CLANG_ENABLE_OBJC_WEAK = YES;
				CLANG_WARN_BLOCK_CAPTURE_AUTORELEASING = YES;
				CLANG_WARN_BOOL_CONVERSION = YES;
				CLANG_WARN_COMMA = YES;
				CLANG_WARN_CONSTANT_CONVERSION = YES;
				CLANG_WARN_DEPRECATED_OBJC_IMPLEMENTATIONS = YES;
				CLANG_WARN_DIRECT_OBJC_ISA_USAGE = YES_ERROR;
				CLANG_WARN_DOCUMENTATION_COMMENTS = YES;
				CLANG_WARN_EMPTY_BODY = YES;
				CLANG_WARN_ENUM_CONVERSION = YES;
				CLANG_WARN_INFINITE_RECURSION = YES;
				CLANG_WARN_INT_CONVERSION = YES;
				CLANG_WARN_NON_LITERAL_NULL_CONVERSION = YES;
				CLANG_WARN_OBJC_IMPLICIT_RETAIN_SELF = YES;
				CLANG_WARN_OBJC_LITERAL_CONVERSION = YES;
				CLANG_WARN_OBJC_ROOT_CLASS = YES_ERROR;
				CLANG_WARN_RANGE_LOOP_ANALYSIS = YES;
				CLANG_WARN_STRICT_PROTOTYPES = YES;
				CLANG_WARN_SUSPICIOUS_MOVE = YES;
				CLANG_WARN_UNGUARDED_AVAILABILITY = YES_AGGRESSIVE;
				CLANG_WARN_UNREACHABLE_CODE = YES;
				CLANG_WARN__DUPLICATE_METHOD_MATCH = YES;
				CODE_SIGN_IDENTITY = "iPhone Developer";
				COPY_PHASE_STRIP = NO;
				DEBUG_INFORMATION_FORMAT = dwarf;
				ENABLE_STRICT_OBJC_MSGSEND = YES;
				ENABLE_TESTABILITY = YES;
				GCC_C_LANGUAGE_STANDARD = gnu11;
				GCC_DYNAMIC_NO_PIC = NO;
				GCC_NO_COMMON_BLOCKS = YES;
				GCC_OPTIMIZATION_LEVEL = 0;
				GCC_PREPROCESSOR_DEFINITIONS = (
					"DEBUG=1",
					"$(inherited)",
				);
				GCC_WARN_64_TO_32_BIT_CONVERSION = YES;
				GCC_WARN_ABOUT_RETURN_TYPE = YES_ERROR;
				GCC_WARN_UNDECLARED_SELECTOR = YES;
				GCC_WARN_UNINITIALIZED_AUTOS = YES_AGGRESSIVE;
				GCC_WARN_UNUSED_FUNCTION = YES;
				GCC_WARN_UNUSED_VARIABLE = YES;
				IPHONEOS_DEPLOYMENT_TARGET = 11.4;
				MTL_ENABLE_DEBUG_INFO = YES;
				ONLY_ACTIVE_ARCH = YES;
				SDKROOT = iphoneos;
			};
			name = Debug;
		};
		702A0EC820F2CD5E00357E68 /* Release */ = {
			isa = XCBuildConfiguration;
			buildSettings = {
				ALWAYS_SEARCH_USER_PATHS = NO;
				CLANG_ANALYZER_NONNULL = YES;
				CLANG_ANALYZER_NUMBER_OBJECT_CONVERSION = YES_AGGRESSIVE;
				CLANG_CXX_LANGUAGE_STANDARD = "gnu++14";
				CLANG_CXX_LIBRARY = "libc++";
				CLANG_ENABLE_MODULES = YES;
				CLANG_ENABLE_OBJC_ARC = YES;
				CLANG_ENABLE_OBJC_WEAK = YES;
				CLANG_WARN_BLOCK_CAPTURE_AUTORELEASING = YES;
				CLANG_WARN_BOOL_CONVERSION = YES;
				CLANG_WARN_COMMA = YES;
				CLANG_WARN_CONSTANT_CONVERSION = YES;
				CLANG_WARN_DEPRECATED_OBJC_IMPLEMENTATIONS = YES;
				CLANG_WARN_DIRECT_OBJC_ISA_USAGE = YES_ERROR;
				CLANG_WARN_DOCUMENTATION_COMMENTS = YES;
				CLANG_WARN_EMPTY_BODY = YES;
				CLANG_WARN_ENUM_CONVERSION = YES;
				CLANG_WARN_INFINITE_RECURSION = YES;
				CLANG_WARN_INT_CONVERSION = YES;
				CLANG_WARN_NON_LITERAL_NULL_CONVERSION = YES;
				CLANG_WARN_OBJC_IMPLICIT_RETAIN_SELF = YES;
				CLANG_WARN_OBJC_LITERAL_CONVERSION = YES;
				CLANG_WARN_OBJC_ROOT_CLASS = YES_ERROR;
				CLANG_WARN_RANGE_LOOP_ANALYSIS = YES;
				CLANG_WARN_STRICT_PROTOTYPES = YES;
				CLANG_WARN_SUSPICIOUS_MOVE = YES;
				CLANG_WARN_UNGUARDED_AVAILABILITY = YES_AGGRESSIVE;
				CLANG_WARN_UNREACHABLE_CODE = YES;
				CLANG_WARN__DUPLICATE_METHOD_MATCH = YES;
				CODE_SIGN_IDENTITY = "iPhone Developer";
				COPY_PHASE_STRIP = NO;
				DEBUG_INFORMATION_FORMAT = "dwarf-with-dsym";
				ENABLE_NS_ASSERTIONS = NO;
				ENABLE_STRICT_OBJC_MSGSEND = YES;
				GCC_C_LANGUAGE_STANDARD = gnu11;
				GCC_NO_COMMON_BLOCKS = YES;
				GCC_WARN_64_TO_32_BIT_CONVERSION = YES;
				GCC_WARN_ABOUT_RETURN_TYPE = YES_ERROR;
				GCC_WARN_UNDECLARED_SELECTOR = YES;
				GCC_WARN_UNINITIALIZED_AUTOS = YES_AGGRESSIVE;
				GCC_WARN_UNUSED_FUNCTION = YES;
				GCC_WARN_UNUSED_VARIABLE = YES;
				IPHONEOS_DEPLOYMENT_TARGET = 11.4;
				MTL_ENABLE_DEBUG_INFO = NO;
				SDKROOT = iphoneos;
				VALIDATE_PRODUCT = YES;
			};
			name = Release;
		};
		702A0ECA20F2CD5E00357E68 /* Debug */ = {
			isa = XCBuildConfiguration;
			buildSettings = {
				ASSETCATALOG_COMPILER_APPICON_NAME = AppIcon;
				CODE_SIGN_STYLE = Automatic;
				DEVELOPMENT_TEAM = 2S24GUPY73;
				INFOPLIST_FILE = server/Info.plist;
				LD_RUNPATH_SEARCH_PATHS = (
					"$(inherited)",
					"@executable_path/Frameworks",
				);
				PRODUCT_BUNDLE_IDENTIFIER = com.csdevapps.server;
				PRODUCT_NAME = "$(TARGET_NAME)";
				TARGETED_DEVICE_FAMILY = "1,2";
			};
			name = Debug;
		};
		702A0ECB20F2CD5E00357E68 /* Release */ = {
			isa = XCBuildConfiguration;
			buildSettings = {
				ASSETCATALOG_COMPILER_APPICON_NAME = AppIcon;
				CODE_SIGN_STYLE = Automatic;
				DEVELOPMENT_TEAM = 2S24GUPY73;
				INFOPLIST_FILE = server/Info.plist;
				LD_RUNPATH_SEARCH_PATHS = (
					"$(inherited)",
					"@executable_path/Frameworks",
				);
				PRODUCT_BUNDLE_IDENTIFIER = com.csdevapps.server;
				PRODUCT_NAME = "$(TARGET_NAME)";
				TARGETED_DEVICE_FAMILY = "1,2";
			};
			name = Release;
		};
		702A0ECD20F2CD5E00357E68 /* Debug */ = {
			isa = XCBuildConfiguration;
			buildSettings = {
				BUNDLE_LOADER = "$(TEST_HOST)";
				CODE_SIGN_STYLE = Automatic;
				DEVELOPMENT_TEAM = 2S24GUPY73;
				INFOPLIST_FILE = serverTests/Info.plist;
				LD_RUNPATH_SEARCH_PATHS = (
					"$(inherited)",
					"@executable_path/Frameworks",
					"@loader_path/Frameworks",
				);
				PRODUCT_BUNDLE_IDENTIFIER = com.csdevapps.serverTests;
				PRODUCT_NAME = "$(TARGET_NAME)";
				TARGETED_DEVICE_FAMILY = "1,2";
				TEST_HOST = "$(BUILT_PRODUCTS_DIR)/server.app/server";
			};
			name = Debug;
		};
		702A0ECE20F2CD5E00357E68 /* Release */ = {
			isa = XCBuildConfiguration;
			buildSettings = {
				BUNDLE_LOADER = "$(TEST_HOST)";
				CODE_SIGN_STYLE = Automatic;
				DEVELOPMENT_TEAM = 2S24GUPY73;
				INFOPLIST_FILE = serverTests/Info.plist;
				LD_RUNPATH_SEARCH_PATHS = (
					"$(inherited)",
					"@executable_path/Frameworks",
					"@loader_path/Frameworks",
				);
				PRODUCT_BUNDLE_IDENTIFIER = com.csdevapps.serverTests;
				PRODUCT_NAME = "$(TARGET_NAME)";
				TARGETED_DEVICE_FAMILY = "1,2";
				TEST_HOST = "$(BUILT_PRODUCTS_DIR)/server.app/server";
			};
			name = Release;
		};
		702A0ED020F2CD5E00357E68 /* Debug */ = {
			isa = XCBuildConfiguration;
			buildSettings = {
				CODE_SIGN_STYLE = Automatic;
				DEVELOPMENT_TEAM = 2S24GUPY73;
				INFOPLIST_FILE = serverUITests/Info.plist;
				LD_RUNPATH_SEARCH_PATHS = (
					"$(inherited)",
					"@executable_path/Frameworks",
					"@loader_path/Frameworks",
				);
				PRODUCT_BUNDLE_IDENTIFIER = com.csdevapps.serverUITests;
				PRODUCT_NAME = "$(TARGET_NAME)";
				TARGETED_DEVICE_FAMILY = "1,2";
				TEST_TARGET_NAME = server;
			};
			name = Debug;
		};
		702A0ED120F2CD5E00357E68 /* Release */ = {
			isa = XCBuildConfiguration;
			buildSettings = {
				CODE_SIGN_STYLE = Automatic;
				DEVELOPMENT_TEAM = 2S24GUPY73;
				INFOPLIST_FILE = serverUITests/Info.plist;
				LD_RUNPATH_SEARCH_PATHS = (
					"$(inherited)",
					"@executable_path/Frameworks",
					"@loader_path/Frameworks",
				);
				PRODUCT_BUNDLE_IDENTIFIER = com.csdevapps.serverUITests;
				PRODUCT_NAME = "$(TARGET_NAME)";
				TARGETED_DEVICE_FAMILY = "1,2";
				TEST_TARGET_NAME = server;
			};
			name = Release;
		};
/* End XCBuildConfiguration section */

/* Begin XCConfigurationList section */
		702A0E9520F2CD5C00357E68 /* Build configuration list for PBXProject "server" */ = {
			isa = XCConfigurationList;
			buildConfigurations = (
				702A0EC720F2CD5E00357E68 /* Debug */,
				702A0EC820F2CD5E00357E68 /* Release */,
			);
			defaultConfigurationIsVisible = 0;
			defaultConfigurationName = Release;
		};
		702A0EC920F2CD5E00357E68 /* Build configuration list for PBXNativeTarget "server" */ = {
			isa = XCConfigurationList;
			buildConfigurations = (
				702A0ECA20F2CD5E00357E68 /* Debug */,
				702A0ECB20F2CD5E00357E68 /* Release */,
			);
			defaultConfigurationIsVisible = 0;
			defaultConfigurationName = Release;
		};
		702A0ECC20F2CD5E00357E68 /* Build configuration list for PBXNativeTarget "serverTests" */ = {
			isa = XCConfigurationList;
			buildConfigurations = (
				702A0ECD20F2CD5E00357E68 /* Debug */,
				702A0ECE20F2CD5E00357E68 /* Release */,
			);
			defaultConfigurationIsVisible = 0;
			defaultConfigurationName = Release;
		};
		702A0ECF20F2CD5E00357E68 /* Build configuration list for PBXNativeTarget "serverUITests" */ = {
			isa = XCConfigurationList;
			buildConfigurations = (
				702A0ED020F2CD5E00357E68 /* Debug */,
				702A0ED120F2CD5E00357E68 /* Release */,
			);
			defaultConfigurationIsVisible = 0;
			defaultConfigurationName = Release;
		};
/* End XCConfigurationList section */

/* Begin XCVersionGroup section */
		702A0EA620F2CD5C00357E68 /* server.xcdatamodeld */ = {
			isa = XCVersionGroup;
			children = (
				702A0EA720F2CD5C00357E68 /* server.xcdatamodel */,
			);
			currentVersion = 702A0EA720F2CD5C00357E68 /* server.xcdatamodel */;
			path = server.xcdatamodeld;
			sourceTree = "<group>";
			versionGroupType = wrapper.xcdatamodel;
		};
/* End XCVersionGroup section */
	};
	rootObject = 702A0E9220F2CD5C00357E68 /* Project object */;
}
